golang.org/x/sys v0.0.0-20210119212857-b64e53b001e4 h1:myAQVi0cGEoqQVR5POX+8RR2mrocKqNN1hmeMqhX27k=
golang.org/x/sys v0.0.0-20210119212857-b64e53b001e4/go.mod h1:h1NjWce9XRLGQEsW7wpKNCjG9DtNlClVuFLEZdDNbEs=
periph.io/x/conn/v3 v3.6.7 h1:hem/gzoUI0tnvdJOJAk+XLBhqBGX9sHkwShBXRGGy0k=
periph.io/x/conn/v3 v3.6.7/go.mod h1:3OD27w9YVa5DS97VsUxsPGzD9Qrm5Ny7cF5b6xMMIWg=
periph.io/x/host/v3 v3.6.7 h1:hUVkGKJ235XocQIRiITxSmP8TT8f27oiN7R2dJkomIE=
periph.io/x/host/v3 v3.6.7/go.mod h1:wO+N7Q6qU1Pp9EXBfyV9t7kPAlvZxYoJl4ptK62qhSY=
periph.io/x/periph v3.6.7+incompatible h1:ZfRdHbcxVekgSJZmxp3873YpxNdWs6wg7waDCF7GB18=
periph.io/x/periph v3.6.7+incompatible/go.mod h1:EWr+FCIU2dBWz5/wSWeiIUJTriYv9v2j2ENBmgYyy7Y=
